<Solution>
  <Project Path="C:/Users/rosci/source/repos/CrAutos/CrAutos.Api/CrAutos.Api.csproj" />
  <Project Path="C:/Users/rosci/source/repos/CrAutos/CrAutos.AppHost/CrAutos.AppHost.csproj" />
  <Project Path="C:/Users/rosci/source/repos/CrAutos/CrAutos.ServiceDefaults/CrAutos.ServiceDefaults.csproj" />
</Solution>
